
Microsoft Visual Studio Solution File, Format Version 11.00
# Visual C# Express 2010
Project("{FAE04EC0-301F-11D3-BF4B-00C04F79EFBC}") = "TRLoginServer", "TRLoginServer.csproj", "{44FB739E-A366-464C-93C9-994EE2F90085}"
EndProject
Project("{FAE04EC0-301F-11D3-BF4B-00C04F79EFBC}") = "TRGameServer", "..\TRGameServer\TRGameServer.csproj", "{5A27E082-BAA4-4A7E-AB9F-F95A09BAF874}"
EndProject
Global
	GlobalSection(SolutionConfigurationPlatforms) = preSolution
		Debug|x86 = Debug|x86
		Release|x86 = Release|x86
	EndGlobalSection
	GlobalSection(ProjectConfigurationPlatforms) = postSolution
		{44FB739E-A366-464C-93C9-994EE2F90085}.Debug|x86.ActiveCfg = Debug|x86
		{44FB739E-A366-464C-93C9-994EE2F90085}.Debug|x86.Build.0 = Debug|x86
		{44FB739E-A366-464C-93C9-994EE2F90085}.Release|x86.ActiveCfg = Release|x86
		{44FB739E-A366-464C-93C9-994EE2F90085}.Release|x86.Build.0 = Release|x86
		{5A27E082-BAA4-4A7E-AB9F-F95A09BAF874}.Debug|x86.ActiveCfg = Debug|x86
		{5A27E082-BAA4-4A7E-AB9F-F95A09BAF874}.Debug|x86.Build.0 = Debug|x86
		{5A27E082-BAA4-4A7E-AB9F-F95A09BAF874}.Release|x86.ActiveCfg = Release|x86
		{5A27E082-BAA4-4A7E-AB9F-F95A09BAF874}.Release|x86.Build.0 = Release|x86
	EndGlobalSection
	GlobalSection(SolutionProperties) = preSolution
		HideSolutionNode = FALSE
	EndGlobalSection
EndGlobal
